
Microsoft Visual Studio Solution File, Format Version 12.00
# Visual Studio Version 16
VisualStudioVersion = 16.0.31105.61
MinimumVisualStudioVersion = 10.0.40219.1
Project("{FAE04EC0-301F-11D3-BF4B-00C04F79EFBC}") = "PlagueGun", "PlagueGun.csproj", "{1BCADA28-460D-4F21-AEBA-F581CF10C048}"
EndProject
Global
	GlobalSection(SolutionConfigurationPlatforms) = preSolution
		Debug|Any CPU = Debug|Any CPU
		Release|Any CPU = Release|Any CPU
	EndGlobalSection
	GlobalSection(ProjectConfigurationPlatforms) = postSolution
		{1BCADA28-460D-4F21-AEBA-F581CF10C048}.Debug|Any CPU.ActiveCfg = Debug|Any CPU
		{1BCADA28-460D-4F21-AEBA-F581CF10C048}.Debug|Any CPU.Build.0 = Debug|Any CPU
		{1BCADA28-460D-4F21-AEBA-F581CF10C048}.Release|Any CPU.ActiveCfg = Release|Any CPU
		{1BCADA28-460D-4F21-AEBA-F581CF10C048}.Release|Any CPU.Build.0 = Release|Any CPU
	EndGlobalSection
	GlobalSection(SolutionProperties) = preSolution
		HideSolutionNode = FALSE
	EndGlobalSection
	GlobalSection(ExtensibilityGlobals) = postSolution
		SolutionGuid = {8AA7C025-CFBA-4B18-942C-E1B503CCFC0A}
	EndGlobalSection
EndGlobal
